
Microsoft Visual Studio Solution File, Format Version 12.00
# Visual Studio Version 17
VisualStudioVersion = 17.5.33516.290
MinimumVisualStudioVersion = 10.0.40219.1
Project("{FAE04EC0-301F-11D3-BF4B-00C04F79EFBC}") = "WcfWebApplicationDemo", "WcfWebApplicationDemo\WcfWebApplicationDemo.csproj", "{11137EE4-7A58-41A1-A7AC-CFE6BEEDC0F8}"
EndProject
Project("{FAE04EC0-301F-11D3-BF4B-00C04F79EFBC}") = "WcfWebApplicationClient", "WcfWebApplicationClient\WcfWebApplicationClient.csproj", "{2EDE427A-38BB-4728-8C18-15FD056BC6CF}"
	ProjectSection(ProjectDependencies) = postProject
		{11137EE4-7A58-41A1-A7AC-CFE6BEEDC0F8} = {11137EE4-7A58-41A1-A7AC-CFE6BEEDC0F8}
	EndProjectSection
EndProject
Project("{FAE04EC0-301F-11D3-BF4B-00C04F79EFBC}") = "IGetMessageRemotingService", "IGetMessageRemotingService\IGetMessageRemotingService.csproj", "{00EE2673-3DE7-4DA4-B24B-EF5151420E83}"
EndProject
Global
	GlobalSection(SolutionConfigurationPlatforms) = preSolution
		Debug|Any CPU = Debug|Any CPU
		Release|Any CPU = Release|Any CPU
	EndGlobalSection
	GlobalSection(ProjectConfigurationPlatforms) = postSolution
		{11137EE4-7A58-41A1-A7AC-CFE6BEEDC0F8}.Debug|Any CPU.ActiveCfg = Debug|Any CPU
		{11137EE4-7A58-41A1-A7AC-CFE6BEEDC0F8}.Debug|Any CPU.Build.0 = Debug|Any CPU
		{11137EE4-7A58-41A1-A7AC-CFE6BEEDC0F8}.Release|Any CPU.ActiveCfg = Release|Any CPU
		{11137EE4-7A58-41A1-A7AC-CFE6BEEDC0F8}.Release|Any CPU.Build.0 = Release|Any CPU
		{2EDE427A-38BB-4728-8C18-15FD056BC6CF}.Debug|Any CPU.ActiveCfg = Debug|Any CPU
		{2EDE427A-38BB-4728-8C18-15FD056BC6CF}.Debug|Any CPU.Build.0 = Debug|Any CPU
		{2EDE427A-38BB-4728-8C18-15FD056BC6CF}.Release|Any CPU.ActiveCfg = Release|Any CPU
		{2EDE427A-38BB-4728-8C18-15FD056BC6CF}.Release|Any CPU.Build.0 = Release|Any CPU
		{00EE2673-3DE7-4DA4-B24B-EF5151420E83}.Debug|Any CPU.ActiveCfg = Debug|Any CPU
		{00EE2673-3DE7-4DA4-B24B-EF5151420E83}.Debug|Any CPU.Build.0 = Debug|Any CPU
		{00EE2673-3DE7-4DA4-B24B-EF5151420E83}.Release|Any CPU.ActiveCfg = Release|Any CPU
		{00EE2673-3DE7-4DA4-B24B-EF5151420E83}.Release|Any CPU.Build.0 = Release|Any CPU
	EndGlobalSection
	GlobalSection(SolutionProperties) = preSolution
		HideSolutionNode = FALSE
	EndGlobalSection
	GlobalSection(ExtensibilityGlobals) = postSolution
		SolutionGuid = {C8CC7B60-1B51-4E08-AE3C-B986040C9506}
	EndGlobalSection
EndGlobal
